schema: '2.0'
stages:
  generate@standard_training_data:
    cmd: python -m data_generation.generate --n 50000 --seed 42 --elevation-mean
      45.0 --elevation-std 20.0 --hit-tolerance 5.0 --out 
      data/standard_training_data.parquet
    deps:
    - path: data_generation/generate.py
      hash: md5
      md5: a103fafc78caf25facb0db78a2b26bec
      size: 2935
    - path: data_generation/io.py
      hash: md5
      md5: 02508bdc24964375faee37a43313d6e6
      size: 644
    - path: data_generation/outliers.py
      hash: md5
      md5: 119f8e1986bbd383db6e0c85c6e24325
      size: 1028
    - path: data_generation/sampling.py
      hash: md5
      md5: ca8e5c5f68e8c415ee1416b9095ce5d6
      size: 5199
    - path: physics.py
      hash: md5
      md5: 925f03085b2e7b1e078e47ae71547334
      size: 1988
    outs:
    - path: data/standard_training_data.parquet
      hash: md5
      md5: a09a1d372a6b23f1487787f8c282b9c2
      size: 4922590
  generate_gorillas@gorillas_effort_data:
    cmd: python -m data_generation.gorillas --n 5000 --seed 42 --input-mode 
      EFFORT --throws 32 --boards-per-chunk 25 --hit-tolerance 5.0 --overwrite 
      --out data/gorillas_effort_data.parquet --raw-out 
      data/gorillas_effort_data_throws.csv
    deps:
    - path: data_generation/gorillas.py
      hash: md5
      md5: 2afd73f278d501b96bec96470a195047
      size: 25437
    - path: data_generation/io.py
      hash: md5
      md5: 02508bdc24964375faee37a43313d6e6
      size: 644
    - path: data_generation/outliers.py
      hash: md5
      md5: 119f8e1986bbd383db6e0c85c6e24325
      size: 1028
    - path: qbasic_gorillas/dosbox-datagen/gorilla.bas
      hash: md5
      md5: 32f6f5847ba498186b356a3ebe265a30
      size: 71039
    outs:
    - path: data/gorillas_effort_data.parquet
      hash: md5
      md5: 376c13fd163e1471484c34333dca55e3
      size: 236367
    - path: data/gorillas_effort_data_throws.csv
      hash: md5
      md5: 15c2b83250cf0f9e28ad26430a01cef5
      size: 1866573
  train_raw@linear_regression:
    cmd: python scripts/run_with_pythonpath.py models/regression/run_raw 
      models/regression/train_linear_regression.py 
      TRAIN_MODEL_NAME=linear_regression TRAIN_CLEAN=
    deps:
    - path: data/standard_training_data.parquet
      hash: md5
      md5: a09a1d372a6b23f1487787f8c282b9c2
      size: 4922590
    - path: models/regression/common/loader.py
      hash: md5
      md5: da53126addb7301e2904fc28b3f9eaeb
      size: 5298
    - path: models/regression/run_raw/train_utils.py
      hash: md5
      md5: 6ec44083e42326d7a0eb202cbdd967af
      size: 815
    - path: models/regression/train_linear_regression.py
      hash: md5
      md5: 3ad77bedd68e5db1ca8eefe25852e323
      size: 1045
    params:
      params.yaml:
        n_samples: 40000
        search.regression.linear_regression.cv: 5
        search.regression.linear_regression.n_iter:
        test_size: 0.2
        training_data: standard_training_data
    outs:
    - path: experiments/regression/run_raw/models/metrics_linear_regression.csv
      hash: md5
      md5: 5758a6fc7bf634c0b3e6d8958be01c8a
      size: 70
    - path: experiments/regression/run_raw/models/model_linear_regression.joblib
      hash: md5
      md5: 1dbd513b4dcad6afacf437537f5c2acd
      size: 1817
  generate_gorillas@gorillas_velocity_data:
    cmd: python -m data_generation.gorillas --n 5000 --seed 42 --input-mode 
      VELOCITY --throws 32 --boards-per-chunk 25 --hit-tolerance 5.0 --overwrite
      --out data/gorillas_velocity_data.parquet --raw-out 
      data/gorillas_velocity_data_throws.csv
    deps:
    - path: data_generation/gorillas.py
      hash: md5
      md5: 2afd73f278d501b96bec96470a195047
      size: 25437
    - path: data_generation/io.py
      hash: md5
      md5: 02508bdc24964375faee37a43313d6e6
      size: 644
    - path: data_generation/outliers.py
      hash: md5
      md5: 119f8e1986bbd383db6e0c85c6e24325
      size: 1028
    - path: qbasic_gorillas/dosbox-datagen/gorilla.bas
      hash: md5
      md5: 32f6f5847ba498186b356a3ebe265a30
      size: 71039
    outs:
    - path: data/gorillas_velocity_data.parquet
      hash: md5
      md5: 681391f130a1dae1971fa79f6c86558a
      size: 236442
    - path: data/gorillas_velocity_data_throws.csv
      hash: md5
      md5: dcf854fdf3246005e73c186d66a81f38
      size: 2401571
