schema: '2.0'
stages:
  generate_gorillas@gorillas_effort_regression:
    cmd: python -m data_generation.gorillas --n 5000 --seed 42 --input-mode 
      EFFORT --throws 32 --boards-per-chunk 25 --hit-tolerance 5.0 --overwrite 
      --out data/gorillas_effort_regression.parquet --raw-out 
      data/gorillas_effort_regression_throws.parquet
    deps:
    - path: data_generation/gorillas.py
      hash: md5
      md5: 31a54bb47afa702604fc44ea01d24f85
      size: 34639
    - path: data_generation/io.py
      hash: md5
      md5: ff2db4c73a7e6a7e079822fef8a2f7ec
      size: 664
    - path: data_generation/outliers.py
      hash: md5
      md5: f5b5b5be11da6d9c0894acd6cf688f79
      size: 1259
    - path: qbasic_gorillas/dosbox-datagen/gorilla.bas
      hash: md5
      md5: 32f6f5847ba498186b356a3ebe265a30
      size: 71039
    outs:
    - path: data/gorillas_effort_regression.parquet
      hash: md5
      md5: 1d162c017c19289f016344d78093bff9
      size: 254776
    - path: data/gorillas_effort_regression_throws.parquet
      hash: md5
      md5: 02235b764c1b109533c6e9a1dbd7e647
      size: 810582
  generate@standard_training_data:
    cmd: python -m data_generation.generate --n 50000 --seed 42 --elevation-mean
      45.0 --elevation-std 20.0 --hit-tolerance 5.0 --out 
      data/standard_training_data.parquet
    deps:
    - path: data_generation/generate.py
      hash: md5
      md5: c462fed261a77559ca51e0e30390e0e9
      size: 4316
    - path: data_generation/io.py
      hash: md5
      md5: ff2db4c73a7e6a7e079822fef8a2f7ec
      size: 664
    - path: data_generation/outliers.py
      hash: md5
      md5: f5b5b5be11da6d9c0894acd6cf688f79
      size: 1259
    - path: data_generation/sampling.py
      hash: md5
      md5: ee99bababe3a80eb032f64d3c3a0597e
      size: 10397
    - path: physics.py
      hash: md5
      md5: 2a48151accab6ef2c7b1e2c1b0da9555
      size: 3477
    outs:
    - path: data/standard_training_data.parquet
      hash: md5
      md5: 062d7de80222caf49180547c00641ace
      size: 5280498
