schema: '2.0'
stages:
  train_raw_linear_regression:
    cmd: python ../../../../scripts/run_with_pythonpath.py ../../../.. -m 
      models.regression.standard.experiment_raw.train_linear_regression
    deps:
    - path: ../../../../data/standard_velocity.parquet
      hash: md5
      md5: 062d7de80222caf49180547c00641ace
      size: 5280498
    - path: ../../../../feature_engineering.py
      hash: md5
      md5: 8eda998d4f6c5b4d3fe473c57789faf0
      size: 1773
    - path: ../../../../models/regression/algorithms/linear_regression.py
      hash: md5
      md5: c0c3562a8c9a71bcb44de15c0abc769a
      size: 439
    - path: ../../../../models/regression/common/loader.py
      hash: md5
      md5: 57ccfa7d145d4ea7e96ee7f5f7998ef0
      size: 8540
    - path: 
        ../../../../models/regression/standard/experiment_raw/train_linear_regression.py
      hash: md5
      md5: e0a72e0db1703033da6244e78a837344
      size: 2234
    - path: ../../../../splitting.py
      hash: md5
      md5: a935c061b7a622bd255679ac47a4defe
      size: 6288
    params:
      params.yaml:
        n_iter.linear_regression:
      ../../../../params.yaml:
        n_samples: 40000
        test_size: 0.2
    outs:
    - path: 
        ../../../../experiments_results/regression/standard/experiment_raw/models/metrics_linear_regression.csv
      hash: md5
      md5: 5758a6fc7bf634c0b3e6d8958be01c8a
      size: 70
    - path: 
        ../../../../experiments_results/regression/standard/experiment_raw/models/model_linear_regression.joblib
      hash: md5
      md5: b6d22867b99ac6af5d0f7d63730326d6
      size: 2025
  train_raw_decision_tree:
    cmd: python ../../../../scripts/run_with_pythonpath.py ../../../.. -m 
      models.regression.standard.experiment_raw.train_decision_tree
    deps:
    - path: ../../../../data/standard_velocity.parquet
      hash: md5
      md5: 062d7de80222caf49180547c00641ace
      size: 5280498
    - path: ../../../../feature_engineering.py
      hash: md5
      md5: 8eda998d4f6c5b4d3fe473c57789faf0
      size: 1773
    - path: ../../../../models/regression/algorithms/decision_tree.py
      hash: md5
      md5: bed8398d1a21c3e83481ba4e9769d9c2
      size: 898
    - path: ../../../../models/regression/common/loader.py
      hash: md5
      md5: 57ccfa7d145d4ea7e96ee7f5f7998ef0
      size: 8540
    - path: 
        ../../../../models/regression/standard/experiment_raw/train_decision_tree.py
      hash: md5
      md5: f090f02e059e4b3b5ab64054bf07650e
      size: 2267
    - path: ../../../../splitting.py
      hash: md5
      md5: a935c061b7a622bd255679ac47a4defe
      size: 6288
    params:
      params.yaml:
        n_iter.decision_tree: 30
      ../../../../params.yaml:
        n_samples: 40000
        test_size: 0.2
    outs:
    - path: 
        ../../../../experiments_results/regression/standard/experiment_raw/models/metrics_decision_tree.csv
      hash: md5
      md5: 2ba56504f055b351b1ccf24cd5b62348
      size: 65
    - path: 
        ../../../../experiments_results/regression/standard/experiment_raw/models/model_decision_tree.joblib
      hash: md5
      md5: 951d19c153c2a62fdc5dc2dea3bc35b4
      size: 448642
