schema: '2.0'
stages:
  filter_skewed:
    cmd: python ../../scripts/run_with_pythonpath.py ../.. -m 
      data_generation.filter_skewed --out data/skewed_training_data.parquet 
      --holdout-out data/skewed_holdout.parquet
    deps:
    - path: ../../data/standard_training_data.parquet
      hash: md5
      md5: 062d7de80222caf49180547c00641ace
      size: 5280498
    - path: ../../data_generation/contract.py
      hash: md5
      md5: bf73d84a711c3f12a3e6f57a205a1dd8
      size: 7240
    - path: ../../data_generation/filter_skewed.py
      hash: md5
      md5: b280912d6d089048dfaf1798bf317ab6
      size: 5077
    - path: ../../params.py
      hash: md5
      md5: 276855b5a49aad9ea75134b74d7c02ad
      size: 2817
    params:
      ../../params.yaml:
        skew.max_angle_deg: 30
        training_data: standard_training_data
    outs:
    - path: ../../data/skewed_holdout.parquet
      hash: md5
      md5: 94989264fa153bc4e60ab4140bc9dcc6
      size: 4145022
    - path: ../../data/skewed_training_data.parquet
      hash: md5
      md5: 5070b22292a534fa8424ec423ff4684b
      size: 1108891
  train_skewed@ridge:
    cmd: python ../../scripts/run_with_pythonpath.py ../.. -m 
      models.regression.train --run skewed --algorithm ridge --key ridge --clean
      ""
    deps:
    - path: ../../data/skewed_training_data.parquet
      hash: md5
      md5: 5070b22292a534fa8424ec423ff4684b
      size: 1108891
    - path: ../../feature_engineering.py
      hash: md5
      md5: 8eda998d4f6c5b4d3fe473c57789faf0
      size: 1773
    - path: ../../models/regression/algorithms/ridge.py
      hash: md5
      md5: 6e4c4241b06f803a88213e979cf3d1fb
      size: 613
    - path: ../../models/regression/common/loader.py
      hash: md5
      md5: 258400266e55926441bd65301612f94f
      size: 8446
    - path: ../../models/regression/runs.py
      hash: md5
      md5: a0513e3cc177a94bf187ab1941188b93
      size: 4092
    - path: ../../models/regression/train.py
      hash: md5
      md5: 385dd24c413b94c81cbe5a67f5fe9c8d
      size: 3447
    - path: ../../splitting.py
      hash: md5
      md5: 6b70d3a171d077c0f2db4510dd2c186e
      size: 5772
    params:
      ../../params.yaml:
        search.regression.ridge.cv: 5
        search.regression.ridge.n_iter:
        skew.max_angle_deg: 30
        test_size: 0.2
        training_data: standard_training_data
    outs:
    - path: ../../experiments/regression/run_skewed/models/metrics_ridge.csv
      hash: md5
      md5: 2b4c1a420ede6b026ca93ec8042a70ed
      size: 58
    - path: ../../experiments/regression/run_skewed/models/model_ridge.joblib
      hash: md5
      md5: e5108c7b3c951653d7b67a13acca9eef
      size: 1693
  train_skewed_concept:
    cmd: python ../../scripts/run_with_pythonpath.py 
      ../../models/regression/run_skewed 
      ../../models/regression/run_skewed/train_skewed.py
    deps:
    - path: ../../data/skewed_holdout.parquet
      hash: md5
      md5: 94989264fa153bc4e60ab4140bc9dcc6
      size: 4145022
    - path: ../../data/skewed_training_data.parquet
      hash: md5
      md5: 5070b22292a534fa8424ec423ff4684b
      size: 1108891
    - path: ../../feature_engineering.py
      hash: md5
      md5: 8eda998d4f6c5b4d3fe473c57789faf0
      size: 1773
    - path: ../../models/regression/common/loader.py
      hash: md5
      md5: 258400266e55926441bd65301612f94f
      size: 8446
    - path: ../../models/regression/run_skewed/train_skewed.py
      hash: md5
      md5: b90119891843b5e35e2f03e7fff60fa4
      size: 3900
    - path: ../../models/regression/run_skewed/train_utils.py
      hash: md5
      md5: a45c470afec392db88a112db5e346793
      size: 2427
    - path: ../../models/regression/runs.py
      hash: md5
      md5: a0513e3cc177a94bf187ab1941188b93
      size: 4092
    - path: ../../splitting.py
      hash: md5
      md5: 6b70d3a171d077c0f2db4510dd2c186e
      size: 5772
    params:
      ../../params.yaml:
        skew.max_angle_deg: 30
        test_size: 0.2
        training_data: standard_training_data
    outs:
    - path: ../../experiments/regression/run_skewed/models/metrics_skewed.csv
      hash: md5
      md5: 26f857aed5b7f94180e0f0897a9f6464
      size: 100
    - path: ../../experiments/regression/run_skewed/models/model_skewed.joblib
      hash: md5
      md5: 4bc4c5f7649303e9b420806916acabaa
      size: 77631114
