schema: '2.0'
stages:
  train_raw_effort_ridge:
    cmd: python ../../../scripts/run_with_pythonpath.py ../../.. -m 
      models.regression.effort.experiment_raw.train_ridge
    deps:
    - path: ../../../data/gorillas_effort.parquet
      hash: md5
      md5: 1d162c017c19289f016344d78093bff9
      size: 254776
    - path: ../../../feature_engineering.py
      hash: md5
      md5: 8eda998d4f6c5b4d3fe473c57789faf0
      size: 1773
    - path: ../../../models/regression/algorithms/ridge.py
      hash: md5
      md5: 6e4c4241b06f803a88213e979cf3d1fb
      size: 613
    - path: ../../../models/regression/common/loader.py
      hash: md5
      md5: 57ccfa7d145d4ea7e96ee7f5f7998ef0
      size: 8540
    - path: ../../../models/regression/effort/experiment_raw/train_ridge.py
      hash: md5
      md5: 2f2c7f24c3647611ad31fe853f0df7f7
      size: 1959
    - path: ../../../splitting.py
      hash: md5
      md5: 6b70d3a171d077c0f2db4510dd2c186e
      size: 5772
    params:
      ../../../params.yaml:
        search.regression.ridge.cv: 5
        search.regression.ridge.n_iter:
        test_size: 0.2
    outs:
    - path: 
        ../../../experiments_results/regression/effort/experiment_raw/models/metrics_ridge.csv
      hash: md5
      md5: 485a67a5a8ce6ba3c38fb8ddde05dee5
      size: 55
    - path: 
        ../../../experiments_results/regression/effort/experiment_raw/models/model_ridge.joblib
      hash: md5
      md5: 40bf67ce88b0f31ac30def8eb28b2f27
      size: 163581
