schema: '2.0'
stages:
  filter_skewed:
    cmd: python ../../../scripts/run_with_pythonpath.py ../../.. -m 
      data_generation.filter_skewed --out data/skewed_training_data.parquet 
      --holdout-out data/skewed_holdout.parquet
    deps:
    - path: ../../../data/standard_velocity.parquet
      hash: md5
      md5: 062d7de80222caf49180547c00641ace
      size: 5280498
    - path: ../../../data_generation/contract.py
      hash: md5
      md5: bf73d84a711c3f12a3e6f57a205a1dd8
      size: 7240
    - path: ../../../data_generation/filter_skewed.py
      hash: md5
      md5: b280912d6d089048dfaf1798bf317ab6
      size: 5077
    - path: ../../../params.py
      hash: md5
      md5: aa439a4e9994d41a3972ce5fbff20cdf
      size: 2812
    params:
      ../../../params.yaml:
        skew.max_angle_deg: 30
        training_data: standard_velocity
    outs:
    - path: ../../../data/skewed_holdout.parquet
      hash: md5
      md5: 94989264fa153bc4e60ab4140bc9dcc6
      size: 4145022
    - path: ../../../data/skewed_training_data.parquet
      hash: md5
      md5: 5070b22292a534fa8424ec423ff4684b
      size: 1108891
  train_skewed_lasso:
    cmd: python ../../../scripts/run_with_pythonpath.py ../../.. -m 
      models.regression.standard.experiment_skew.train_lasso
    deps:
    - path: ../../../data/skewed_training_data.parquet
      hash: md5
      md5: 5070b22292a534fa8424ec423ff4684b
      size: 1108891
    - path: ../../../feature_engineering.py
      hash: md5
      md5: 8eda998d4f6c5b4d3fe473c57789faf0
      size: 1773
    - path: ../../../models/regression/algorithms/lasso.py
      hash: md5
      md5: fb375e7e4120494547c8ed51ff7b6347
      size: 787
    - path: ../../../models/regression/common/loader.py
      hash: md5
      md5: 57ccfa7d145d4ea7e96ee7f5f7998ef0
      size: 8540
    - path: ../../../models/regression/standard/experiment_skew/train_lasso.py
      hash: md5
      md5: 961aa4369c701fc7922a7833daf1515f
      size: 1751
    - path: ../../../splitting.py
      hash: md5
      md5: 6b70d3a171d077c0f2db4510dd2c186e
      size: 5772
    params:
      ../../../params.yaml:
        search.regression.lasso.cv: 5
        search.regression.lasso.n_iter:
        test_size: 0.2
    outs:
    - path: 
        ../../../experiments_results/regression/standard/experiment_skew/models/metrics_lasso.csv
      hash: md5
      md5: b61ae83dd284c08c41597fe669509674
      size: 58
    - path: 
        ../../../experiments_results/regression/standard/experiment_skew/models/model_lasso.joblib
      hash: md5
      md5: 38f35d65e5eae6ddf693140a894f7640
      size: 2220
