schema: '2.0'
stages:
  train_raw_effort@linear_regression:
    cmd: python ../../scripts/run_with_pythonpath.py ../.. -m 
      models.regression.train --run raw_effort --algorithm linear_regression 
      --key linear_regression --clean ""
    deps:
    - path: ../../data/gorillas_effort_regression.parquet
      hash: md5
      md5: 1d162c017c19289f016344d78093bff9
      size: 254776
    - path: ../../feature_engineering.py
      hash: md5
      md5: 8eda998d4f6c5b4d3fe473c57789faf0
      size: 1773
    - path: ../../models/regression/algorithms/linear_regression.py
      hash: md5
      md5: 45b542574ef40be7a9a5f70f9a3ef23e
      size: 794
    - path: ../../models/regression/common/loader.py
      hash: md5
      md5: 258400266e55926441bd65301612f94f
      size: 8446
    - path: ../../models/regression/runs.py
      hash: md5
      md5: a0513e3cc177a94bf187ab1941188b93
      size: 4092
    - path: ../../models/regression/train.py
      hash: md5
      md5: 385dd24c413b94c81cbe5a67f5fe9c8d
      size: 3447
    - path: ../../splitting.py
      hash: md5
      md5: 6b70d3a171d077c0f2db4510dd2c186e
      size: 5772
    params:
      ../../params.yaml:
        search.regression.linear_regression.cv: 5
        search.regression.linear_regression.n_iter:
        test_size: 0.2
    outs:
    - path: 
        ../../experiments/regression/run_raw_effort/models/metrics_linear_regression.csv
      hash: md5
      md5: 35f04e1d72cd0fcccc6edc9745e58c5c
      size: 67
    - path: 
        ../../experiments/regression/run_raw_effort/models/model_linear_regression.joblib
      hash: md5
      md5: 0df104db7b1c27c0efd1975e0c40672d
      size: 2025
  train_raw_effort_decision_tree_overfit:
    cmd: python ../../scripts/run_with_pythonpath.py ../.. -m 
      models.regression.train_decision_tree_overfit --run raw_effort --key 
      decision_tree_overfit --clean ""
    deps:
    - path: ../../data/gorillas_effort_regression.parquet
      hash: md5
      md5: 1d162c017c19289f016344d78093bff9
      size: 254776
    - path: ../../feature_engineering.py
      hash: md5
      md5: 8eda998d4f6c5b4d3fe473c57789faf0
      size: 1773
    - path: ../../models/regression/common/loader.py
      hash: md5
      md5: 258400266e55926441bd65301612f94f
      size: 8446
    - path: ../../models/regression/runs.py
      hash: md5
      md5: a0513e3cc177a94bf187ab1941188b93
      size: 4092
    - path: ../../models/regression/train_decision_tree_overfit.py
      hash: md5
      md5: ef4bad9e8d03e96e99cec176dbaf4d50
      size: 3559
    outs:
    - path: 
        ../../experiments/regression/run_raw_effort/models/metrics_decision_tree_overfit.csv
      hash: md5
      md5: c41a933a482777f0e623a51d9872ff70
      size: 70
    - path: 
        ../../experiments/regression/run_raw_effort/models/model_decision_tree_overfit.joblib
      hash: md5
      md5: fe523f74040d6faec0276d3515b12718
      size: 721073
