schema: '2.0'
stages:
  train_row_count_effort_decision_tree:
    cmd: python ../../../scripts/run_with_pythonpath.py ../../.. -m 
      models.regression.effort.experiment_row_count.train_decision_tree
    deps:
    - path: ../../../data/gorillas_effort.parquet
      hash: md5
      md5: 4d5b7ef618dd4eead2114b2586ae458d
      size: 486193
    - path: ../../../feature_engineering.py
      hash: md5
      md5: 8eda998d4f6c5b4d3fe473c57789faf0
      size: 1773
    - path: ../../../models/regression/algorithms/decision_tree.py
      hash: md5
      md5: bed8398d1a21c3e83481ba4e9769d9c2
      size: 898
    - path: ../../../models/regression/common/loader.py
      hash: md5
      md5: 57ccfa7d145d4ea7e96ee7f5f7998ef0
      size: 8540
    - path: 
        ../../../models/regression/effort/experiment_row_count/train_decision_tree.py
      hash: md5
      md5: 4df7c33b1e93c049b9d2aaf5b5783e41
      size: 3172
    - path: ../../../splitting.py
      hash: md5
      md5: 6b70d3a171d077c0f2db4510dd2c186e
      size: 5772
    params:
      ../../../params.yaml:
        search.regression.decision_tree.cv: 5
        search.regression.decision_tree.n_iter: 30
        test_size: 0.2
    outs:
    - path: 
        ../../../experiments_results/regression/effort/experiment_row_count/models/metrics_decision_tree.csv
      hash: md5
      md5: 42a24188f8fd7791d5ebc7a855fea965
      size: 390
    - path: 
        ../../../experiments_results/regression/effort/experiment_row_count/models/model_decision_tree_n1000.joblib
      hash: md5
      md5: 668dc1343bf9db646e933b5446947fc5
      size: 20962
    - path: 
        ../../../experiments_results/regression/effort/experiment_row_count/models/model_decision_tree_n2000.joblib
      hash: md5
      md5: 3d2082fea6eb72f9df29e6c3b6ab0260
      size: 12466
    - path: 
        ../../../experiments_results/regression/effort/experiment_row_count/models/model_decision_tree_n3000.joblib
      hash: md5
      md5: 1c5eb8c549ba3527056013921eaf41af
      size: 15490
    - path: 
        ../../../experiments_results/regression/effort/experiment_row_count/models/model_decision_tree_n4000.joblib
      hash: md5
      md5: d9d9a60131165f8b2981e4a783eb7714
      size: 24130
    - path: 
        ../../../experiments_results/regression/effort/experiment_row_count/models/model_decision_tree_n500.joblib
      hash: md5
      md5: 5384729b089efd5abfb0b13e413c4864
      size: 23554
    - path: 
        ../../../experiments_results/regression/effort/experiment_row_count/models/model_decision_tree_n5000.joblib
      hash: md5
      md5: 373dd8e9d2ea415cacd150ea4a0e9e89
      size: 29026
  train_row_count_effort_linear_regression:
    cmd: python ../../../scripts/run_with_pythonpath.py ../../.. -m 
      models.regression.effort.experiment_row_count.train_linear_regression
    deps:
    - path: ../../../data/gorillas_effort.parquet
      hash: md5
      md5: 4d5b7ef618dd4eead2114b2586ae458d
      size: 486193
    - path: ../../../feature_engineering.py
      hash: md5
      md5: 8eda998d4f6c5b4d3fe473c57789faf0
      size: 1773
    - path: ../../../models/regression/algorithms/linear_regression.py
      hash: md5
      md5: 45b542574ef40be7a9a5f70f9a3ef23e
      size: 794
    - path: ../../../models/regression/common/loader.py
      hash: md5
      md5: 57ccfa7d145d4ea7e96ee7f5f7998ef0
      size: 8540
    - path: 
        ../../../models/regression/effort/experiment_row_count/train_linear_regression.py
      hash: md5
      md5: e6af260d45880e2c45c22dcc42449f92
      size: 3184
    - path: ../../../splitting.py
      hash: md5
      md5: 6b70d3a171d077c0f2db4510dd2c186e
      size: 5772
    params:
      ../../../params.yaml:
        search.regression.linear_regression.cv: 5
        search.regression.linear_regression.n_iter:
        test_size: 0.2
    outs:
    - path: 
        ../../../experiments_results/regression/effort/experiment_row_count/models/metrics_linear_regression.csv
      hash: md5
      md5: fca5deace94f7c97d6fa7c2f3f05e8d9
      size: 384
    - path: 
        ../../../experiments_results/regression/effort/experiment_row_count/models/model_linear_regression_n1000.joblib
      hash: md5
      md5: f69ad057c3af015de409d8e306d47863
      size: 2025
    - path: 
        ../../../experiments_results/regression/effort/experiment_row_count/models/model_linear_regression_n2000.joblib
      hash: md5
      md5: 187f8a3080b9640baf384c849f66a027
      size: 2025
    - path: 
        ../../../experiments_results/regression/effort/experiment_row_count/models/model_linear_regression_n3000.joblib
      hash: md5
      md5: ac563d3a8480b0672d0fc3328d80b064
      size: 2025
    - path: 
        ../../../experiments_results/regression/effort/experiment_row_count/models/model_linear_regression_n4000.joblib
      hash: md5
      md5: b1458115c77fb1d37e144e81cf38381b
      size: 2025
    - path: 
        ../../../experiments_results/regression/effort/experiment_row_count/models/model_linear_regression_n500.joblib
      hash: md5
      md5: 424126c55f876ad97e89aad6cae9cff2
      size: 2025
    - path: 
        ../../../experiments_results/regression/effort/experiment_row_count/models/model_linear_regression_n5000.joblib
      hash: md5
      md5: 996b2080ff6504ab7189e89761c11614
      size: 2025
