schema: '2.0'
stages:
  train_row_count_effort_decision_tree:
    cmd: python ../../../../scripts/run_with_pythonpath.py ../../../.. -m 
      models.regression.effort.experiment_row_count.train_decision_tree
    deps:
    - path: ../../../../data/gorillas_effort.parquet
      hash: md5
      md5: bcc2f5f8ce63b9d3d923475e6cc3e799
      size: 2815224
    - path: ../../../../feature_engineering.py
      hash: md5
      md5: 8eda998d4f6c5b4d3fe473c57789faf0
      size: 1773
    - path: ../../../../models/regression/algorithms/decision_tree.py
      hash: md5
      md5: bed8398d1a21c3e83481ba4e9769d9c2
      size: 898
    - path: ../../../../models/regression/common/loader.py
      hash: md5
      md5: 57ccfa7d145d4ea7e96ee7f5f7998ef0
      size: 8540
    - path: 
        ../../../../models/regression/effort/experiment_row_count/train_decision_tree.py
      hash: md5
      md5: b8e3e43d25e5dec79e213db0715e2b5f
      size: 4485
    - path: ../../../../splitting.py
      hash: md5
      md5: a935c061b7a622bd255679ac47a4defe
      size: 6288
    params:
      params.yaml:
        n_iter.decision_tree: 30
        tiers:
        - 500
        - 1000
        - 2000
        - 4000
        - 8000
        - 16000
      ../../../../params.yaml:
        test_size: 0.2
    outs:
    - path: 
        ../../../../experiments_results/regression/effort/experiment_row_count/models/metrics_decision_tree.csv
      hash: md5
      md5: b09e1aead99cb43009bd55ba0ef92e23
      size: 644
    - path: 
        ../../../../experiments_results/regression/effort/experiment_row_count/tiers/decision_tree/
      hash: md5
      md5: da3bf332b6038e314c89f581bf382e87.dir
      size: 241836
      nfiles: 6
  train_row_count_effort_linear_regression:
    cmd: python ../../../../scripts/run_with_pythonpath.py ../../../.. -m 
      models.regression.effort.experiment_row_count.train_linear_regression
    deps:
    - path: ../../../../data/gorillas_effort.parquet
      hash: md5
      md5: bcc2f5f8ce63b9d3d923475e6cc3e799
      size: 2815224
    - path: ../../../../feature_engineering.py
      hash: md5
      md5: 8eda998d4f6c5b4d3fe473c57789faf0
      size: 1773
    - path: ../../../../models/regression/algorithms/linear_regression.py
      hash: md5
      md5: c0c3562a8c9a71bcb44de15c0abc769a
      size: 439
    - path: ../../../../models/regression/common/loader.py
      hash: md5
      md5: 57ccfa7d145d4ea7e96ee7f5f7998ef0
      size: 8540
    - path: 
        ../../../../models/regression/effort/experiment_row_count/train_linear_regression.py
      hash: md5
      md5: abffbb45da3820dc15d25ae0bcd1b9e8
      size: 5376
    - path: ../../../../splitting.py
      hash: md5
      md5: a935c061b7a622bd255679ac47a4defe
      size: 6288
    params:
      params.yaml:
        n_iter.linear_regression:
        tiers:
        - 500
        - 1000
        - 2000
        - 4000
        - 8000
        - 16000
      ../../../../params.yaml:
        test_size: 0.2
    outs:
    - path: 
        ../../../../experiments_results/regression/effort/experiment_row_count/models/metrics_linear_regression.csv
      hash: md5
      md5: 60401df8f52f4aff3459f9d4effe4d45
      size: 639
    - path: 
        ../../../../experiments_results/regression/effort/experiment_row_count/tiers/linear_regression/
      hash: md5
      md5: 52e46fd536b69d86abc789edfec984f5.dir
      size: 12150
      nfiles: 6
